
Microsoft Visual Studio Solution File, Format Version 12.00
# Visual Studio Version 17
VisualStudioVersion = 17.11.35303.130
MinimumVisualStudioVersion = 10.0.40219.1
Project("{FAE04EC0-301F-11D3-BF4B-00C04F79EFBC}") = "kt5(3)", "kt5(3)\kt5(3).csproj", "{B6CE6345-51F1-4D75-BED3-C202F5A3F25D}"
EndProject
Global
	GlobalSection(SolutionConfigurationPlatforms) = preSolution
		Debug|Any CPU = Debug|Any CPU
		Release|Any CPU = Release|Any CPU
	EndGlobalSection
	GlobalSection(ProjectConfigurationPlatforms) = postSolution
		{B6CE6345-51F1-4D75-BED3-C202F5A3F25D}.Debug|Any CPU.ActiveCfg = Debug|Any CPU
		{B6CE6345-51F1-4D75-BED3-C202F5A3F25D}.Debug|Any CPU.Build.0 = Debug|Any CPU
		{B6CE6345-51F1-4D75-BED3-C202F5A3F25D}.Release|Any CPU.ActiveCfg = Release|Any CPU
		{B6CE6345-51F1-4D75-BED3-C202F5A3F25D}.Release|Any CPU.Build.0 = Release|Any CPU
	EndGlobalSection
	GlobalSection(SolutionProperties) = preSolution
		HideSolutionNode = FALSE
	EndGlobalSection
	GlobalSection(ExtensibilityGlobals) = postSolution
		SolutionGuid = {688E43BF-1A5F-4A87-8A0F-B5B0ED7DA554}
	EndGlobalSection
EndGlobal
